
Microsoft Visual Studio Solution File, Format Version 12.00
# Visual Studio Version 17
VisualStudioVersion = 17.5.33516.290
MinimumVisualStudioVersion = 10.0.40219.1
Project("{2150E333-8FDC-42A3-9474-1A3956D46DE8}") = "src", "src", "{CB26DABB-7230-43EF-97D3-5B2E0AE47A48}"
EndProject
Project("{2150E333-8FDC-42A3-9474-1A3956D46DE8}") = "test", "test", "{02044676-EAC3-46AD-AA14-B1CAC10A7A64}"
EndProject
Project("{2150E333-8FDC-42A3-9474-1A3956D46DE8}") = "API", "API", "{71EA7EA2-4B3D-42FF-8758-A1F840AD4B70}"
EndProject
Project("{2150E333-8FDC-42A3-9474-1A3956D46DE8}") = "Core", "Core", "{9867B867-6969-4CDF-8F59-4D865B66803B}"
EndProject
Project("{2150E333-8FDC-42A3-9474-1A3956D46DE8}") = "Infrastructure", "Infrastructure", "{BB1BF217-FC41-447E-BC80-44C22BD10E1F}"
EndProject
Project("{2150E333-8FDC-42A3-9474-1A3956D46DE8}") = "UI", "UI", "{986D7BF1-7B1D-4109-BFC0-5FB3EE7874BE}"
EndProject
Project("{9A19103F-16F7-4668-BE54-9A1E7A4F7556}") = "NP90S.Application.UnitTests", "NP90S.Application.UnitTests\NP90S.Application.UnitTests.csproj", "{5E97E81D-BFE6-4AD1-A121-597C33B65CD0}"
	ProjectSection(ProjectDependencies) = postProject
		{373FC299-4FF3-4D13-9DE7-677B72284CB4} = {373FC299-4FF3-4D13-9DE7-677B72284CB4}
	EndProjectSection
EndProject
Project("{9A19103F-16F7-4668-BE54-9A1E7A4F7556}") = "NP90S.Persistence.IntegrationTests", "NP90S.Persistence.IntegrationTests\NP90S.Persistence.IntegrationTests.csproj", "{82BEC085-AB91-46CF-BD54-92DD9EFF0336}"
	ProjectSection(ProjectDependencies) = postProject
		{373FC299-4FF3-4D13-9DE7-677B72284CB4} = {373FC299-4FF3-4D13-9DE7-677B72284CB4}
		{6EC92417-0205-4F1F-A830-F9FED88DD503} = {6EC92417-0205-4F1F-A830-F9FED88DD503}
	EndProjectSection
EndProject
Project("{9A19103F-16F7-4668-BE54-9A1E7A4F7556}") = "NP90S.Application", "NP90S.Application\NP90S.Application.csproj", "{373FC299-4FF3-4D13-9DE7-677B72284CB4}"
	ProjectSection(ProjectDependencies) = postProject
		{6EC92417-0205-4F1F-A830-F9FED88DD503} = {6EC92417-0205-4F1F-A830-F9FED88DD503}
	EndProjectSection
EndProject
Project("{9A19103F-16F7-4668-BE54-9A1E7A4F7556}") = "NP90S.Domain", "NP90S.Domain\NP90S.Domain.csproj", "{6EC92417-0205-4F1F-A830-F9FED88DD503}"
EndProject
Project("{9A19103F-16F7-4668-BE54-9A1E7A4F7556}") = "NP90S.App", "NP90S.App\NP90S.App.csproj", "{0E5C5AC4-53DE-4F03-B189-BEDE1FF78136}"
EndProject
Project("{9A19103F-16F7-4668-BE54-9A1E7A4F7556}") = "NP90S.API.IntegrationTests", "NP90S.API.IntegrationTests\NP90S.API.IntegrationTests.csproj", "{41F84BDA-A554-48A7-9353-33E22B01DFCD}"
	ProjectSection(ProjectDependencies) = postProject
		{373FC299-4FF3-4D13-9DE7-677B72284CB4} = {373FC299-4FF3-4D13-9DE7-677B72284CB4}
		{6EC92417-0205-4F1F-A830-F9FED88DD503} = {6EC92417-0205-4F1F-A830-F9FED88DD503}
	EndProjectSection
EndProject
Project("{2150E333-8FDC-42A3-9474-1A3956D46DE8}") = "design", "design", "{5B6E4B8B-8D3D-4A48-9FA9-1A85ABEBED1E}"
EndProject
Project("{2150E333-8FDC-42A3-9474-1A3956D46DE8}") = "database", "database", "{45DB4867-5CC3-45BB-B59D-CCA7FC4459F8}"
	ProjectSection(SolutionItems) = preProject
		Design\db.sqlite = Design\db.sqlite
		Design\Db_main_diagram.png = Design\Db_main_diagram.png
	EndProjectSection
EndProject
Project("{9A19103F-16F7-4668-BE54-9A1E7A4F7556}") = "NP90S.Persistence", "NP90S.Persistence\NP90S.Persistence.csproj", "{1A4FB65E-8446-4950-A102-710B0931E95A}"
EndProject
Project("{9A19103F-16F7-4668-BE54-9A1E7A4F7556}") = "NP90S.Infrastructure", "NP90S.Infrastructure\NP90S.Infrastructure.csproj", "{2A562A96-ABD7-4484-BA0E-760EBD27EED0}"
EndProject
Project("{9A19103F-16F7-4668-BE54-9A1E7A4F7556}") = "NP90S.Identity", "NP90S.Identity\NP90S.Identity.csproj", "{219E50D1-5019-49F0-B188-FAFCD99ADFF1}"
EndProject
Project("{FAE04EC0-301F-11D3-BF4B-00C04F79EFBC}") = "NP90S.Api", "NP90S.Api\NP90S.Api.csproj", "{72AED30B-02D4-4A86-BEBB-2BEC3F9B9CF2}"
EndProject
Global
	GlobalSection(SolutionConfigurationPlatforms) = preSolution
		Debug|Any CPU = Debug|Any CPU
		Release|Any CPU = Release|Any CPU
	EndGlobalSection
	GlobalSection(ProjectConfigurationPlatforms) = postSolution
		{5E97E81D-BFE6-4AD1-A121-597C33B65CD0}.Debug|Any CPU.ActiveCfg = Debug|Any CPU
		{5E97E81D-BFE6-4AD1-A121-597C33B65CD0}.Debug|Any CPU.Build.0 = Debug|Any CPU
		{5E97E81D-BFE6-4AD1-A121-597C33B65CD0}.Release|Any CPU.ActiveCfg = Release|Any CPU
		{5E97E81D-BFE6-4AD1-A121-597C33B65CD0}.Release|Any CPU.Build.0 = Release|Any CPU
		{82BEC085-AB91-46CF-BD54-92DD9EFF0336}.Debug|Any CPU.ActiveCfg = Debug|Any CPU
		{82BEC085-AB91-46CF-BD54-92DD9EFF0336}.Debug|Any CPU.Build.0 = Debug|Any CPU
		{82BEC085-AB91-46CF-BD54-92DD9EFF0336}.Release|Any CPU.ActiveCfg = Release|Any CPU
		{82BEC085-AB91-46CF-BD54-92DD9EFF0336}.Release|Any CPU.Build.0 = Release|Any CPU
		{373FC299-4FF3-4D13-9DE7-677B72284CB4}.Debug|Any CPU.ActiveCfg = Debug|Any CPU
		{373FC299-4FF3-4D13-9DE7-677B72284CB4}.Debug|Any CPU.Build.0 = Debug|Any CPU
		{373FC299-4FF3-4D13-9DE7-677B72284CB4}.Release|Any CPU.ActiveCfg = Release|Any CPU
		{373FC299-4FF3-4D13-9DE7-677B72284CB4}.Release|Any CPU.Build.0 = Release|Any CPU
		{6EC92417-0205-4F1F-A830-F9FED88DD503}.Debug|Any CPU.ActiveCfg = Debug|Any CPU
		{6EC92417-0205-4F1F-A830-F9FED88DD503}.Debug|Any CPU.Build.0 = Debug|Any CPU
		{6EC92417-0205-4F1F-A830-F9FED88DD503}.Release|Any CPU.ActiveCfg = Release|Any CPU
		{6EC92417-0205-4F1F-A830-F9FED88DD503}.Release|Any CPU.Build.0 = Release|Any CPU
		{0E5C5AC4-53DE-4F03-B189-BEDE1FF78136}.Debug|Any CPU.ActiveCfg = Debug|Any CPU
		{0E5C5AC4-53DE-4F03-B189-BEDE1FF78136}.Debug|Any CPU.Build.0 = Debug|Any CPU
		{0E5C5AC4-53DE-4F03-B189-BEDE1FF78136}.Release|Any CPU.ActiveCfg = Release|Any CPU
		{0E5C5AC4-53DE-4F03-B189-BEDE1FF78136}.Release|Any CPU.Build.0 = Release|Any CPU
		{41F84BDA-A554-48A7-9353-33E22B01DFCD}.Debug|Any CPU.ActiveCfg = Debug|Any CPU
		{41F84BDA-A554-48A7-9353-33E22B01DFCD}.Debug|Any CPU.Build.0 = Debug|Any CPU
		{41F84BDA-A554-48A7-9353-33E22B01DFCD}.Release|Any CPU.ActiveCfg = Release|Any CPU
		{41F84BDA-A554-48A7-9353-33E22B01DFCD}.Release|Any CPU.Build.0 = Release|Any CPU
		{1A4FB65E-8446-4950-A102-710B0931E95A}.Debug|Any CPU.ActiveCfg = Debug|Any CPU
		{1A4FB65E-8446-4950-A102-710B0931E95A}.Debug|Any CPU.Build.0 = Debug|Any CPU
		{1A4FB65E-8446-4950-A102-710B0931E95A}.Release|Any CPU.ActiveCfg = Release|Any CPU
		{1A4FB65E-8446-4950-A102-710B0931E95A}.Release|Any CPU.Build.0 = Release|Any CPU
		{2A562A96-ABD7-4484-BA0E-760EBD27EED0}.Debug|Any CPU.ActiveCfg = Debug|Any CPU
		{2A562A96-ABD7-4484-BA0E-760EBD27EED0}.Debug|Any CPU.Build.0 = Debug|Any CPU
		{2A562A96-ABD7-4484-BA0E-760EBD27EED0}.Release|Any CPU.ActiveCfg = Release|Any CPU
		{2A562A96-ABD7-4484-BA0E-760EBD27EED0}.Release|Any CPU.Build.0 = Release|Any CPU
		{219E50D1-5019-49F0-B188-FAFCD99ADFF1}.Debug|Any CPU.ActiveCfg = Debug|Any CPU
		{219E50D1-5019-49F0-B188-FAFCD99ADFF1}.Debug|Any CPU.Build.0 = Debug|Any CPU
		{219E50D1-5019-49F0-B188-FAFCD99ADFF1}.Release|Any CPU.ActiveCfg = Release|Any CPU
		{219E50D1-5019-49F0-B188-FAFCD99ADFF1}.Release|Any CPU.Build.0 = Release|Any CPU
		{72AED30B-02D4-4A86-BEBB-2BEC3F9B9CF2}.Debug|Any CPU.ActiveCfg = Debug|Any CPU
		{72AED30B-02D4-4A86-BEBB-2BEC3F9B9CF2}.Debug|Any CPU.Build.0 = Debug|Any CPU
		{72AED30B-02D4-4A86-BEBB-2BEC3F9B9CF2}.Release|Any CPU.ActiveCfg = Release|Any CPU
		{72AED30B-02D4-4A86-BEBB-2BEC3F9B9CF2}.Release|Any CPU.Build.0 = Release|Any CPU
	EndGlobalSection
	GlobalSection(SolutionProperties) = preSolution
		HideSolutionNode = FALSE
	EndGlobalSection
	GlobalSection(NestedProjects) = preSolution
		{71EA7EA2-4B3D-42FF-8758-A1F840AD4B70} = {CB26DABB-7230-43EF-97D3-5B2E0AE47A48}
		{9867B867-6969-4CDF-8F59-4D865B66803B} = {CB26DABB-7230-43EF-97D3-5B2E0AE47A48}
		{BB1BF217-FC41-447E-BC80-44C22BD10E1F} = {CB26DABB-7230-43EF-97D3-5B2E0AE47A48}
		{986D7BF1-7B1D-4109-BFC0-5FB3EE7874BE} = {CB26DABB-7230-43EF-97D3-5B2E0AE47A48}
		{5E97E81D-BFE6-4AD1-A121-597C33B65CD0} = {02044676-EAC3-46AD-AA14-B1CAC10A7A64}
		{82BEC085-AB91-46CF-BD54-92DD9EFF0336} = {02044676-EAC3-46AD-AA14-B1CAC10A7A64}
		{373FC299-4FF3-4D13-9DE7-677B72284CB4} = {9867B867-6969-4CDF-8F59-4D865B66803B}
		{6EC92417-0205-4F1F-A830-F9FED88DD503} = {9867B867-6969-4CDF-8F59-4D865B66803B}
		{0E5C5AC4-53DE-4F03-B189-BEDE1FF78136} = {986D7BF1-7B1D-4109-BFC0-5FB3EE7874BE}
		{41F84BDA-A554-48A7-9353-33E22B01DFCD} = {02044676-EAC3-46AD-AA14-B1CAC10A7A64}
		{45DB4867-5CC3-45BB-B59D-CCA7FC4459F8} = {5B6E4B8B-8D3D-4A48-9FA9-1A85ABEBED1E}
		{1A4FB65E-8446-4950-A102-710B0931E95A} = {BB1BF217-FC41-447E-BC80-44C22BD10E1F}
		{2A562A96-ABD7-4484-BA0E-760EBD27EED0} = {BB1BF217-FC41-447E-BC80-44C22BD10E1F}
		{219E50D1-5019-49F0-B188-FAFCD99ADFF1} = {BB1BF217-FC41-447E-BC80-44C22BD10E1F}
		{72AED30B-02D4-4A86-BEBB-2BEC3F9B9CF2} = {71EA7EA2-4B3D-42FF-8758-A1F840AD4B70}
	EndGlobalSection
	GlobalSection(ExtensibilityGlobals) = postSolution
		SolutionGuid = {4EA1B261-5A84-4E69-92A7-F2BE162F6618}
	EndGlobalSection
EndGlobal
